// !$*UTF8*$!
{
	archiveVersion = 1;
	classes = {
	};
	objectVersion = 56;
	objects = {

/* Begin PBXBuildFile section */
		C51FD6E02A38643200DA8559 /* AppDelegate.swift in Sources */ = {isa = PBXBuildFile; fileRef = C51FD6DF2A38643200DA8559 /* AppDelegate.swift */; };
		C51FD6E22A38643200DA8559 /* SceneDelegate.swift in Sources */ = {isa = PBXBuildFile; fileRef = C51FD6E12A38643200DA8559 /* SceneDelegate.swift */; };
		C51FD6E42A38643200DA8559 /* MyViewController.swift in Sources */ = {isa = PBXBuildFile; fileRef = C51FD6E32A38643200DA8559 /* MyViewController.swift */; };
		C51FD6E72A38643200DA8559 /* Main.storyboard in Resources */ = {isa = PBXBuildFile; fileRef = C51FD6E52A38643200DA8559 /* Main.storyboard */; };
		C51FD6E92A38643400DA8559 /* Assets.xcassets in Resources */ = {isa = PBXBuildFile; fileRef = C51FD6E82A38643400DA8559 /* Assets.xcassets */; };
		C51FD6EC2A38643400DA8559 /* LaunchScreen.storyboard in Resources */ = {isa = PBXBuildFile; fileRef = C51FD6EA2A38643400DA8559 /* LaunchScreen.storyboard */; };
		C51FD6F72A38643400DA8559 /* CounterTests.swift in Sources */ = {isa = PBXBuildFile; fileRef = C51FD6F62A38643400DA8559 /* CounterTests.swift */; };
		C51FD7012A38643400DA8559 /* CounterUITests.swift in Sources */ = {isa = PBXBuildFile; fileRef = C51FD7002A38643400DA8559 /* CounterUITests.swift */; };
		C51FD7032A38643400DA8559 /* CounterUITestsLaunchTests.swift in Sources */ = {isa = PBXBuildFile; fileRef = C51FD7022A38643400DA8559 /* CounterUITestsLaunchTests.swift */; };
		C51FD7102A38660300DA8559 /* testFile.swift in Sources */ = {isa = PBXBuildFile; fileRef = C51FD70F2A38660300DA8559 /* testFile.swift */; };
/* End PBXBuildFile section */

/* Begin PBXContainerItemProxy section */
		C51FD6F32A38643400DA8559 /* PBXContainerItemProxy */ = {
			isa = PBXContainerItemProxy;
			containerPortal = C51FD6D42A38643200DA8559 /* Project object */;
			proxyType = 1;
			remoteGlobalIDString = C51FD6DB2A38643200DA8559;
			remoteInfo = Counter;
		};
		C51FD6FD2A38643400DA8559 /* PBXContainerItemProxy */ = {
			isa = PBXContainerItemProxy;
			containerPortal = C51FD6D42A38643200DA8559 /* Project object */;
			proxyType = 1;
			remoteGlobalIDString = C51FD6DB2A38643200DA8559;
			remoteInfo = Counter;
		};
/* End PBXContainerItemProxy section */

/* Begin PBXFileReference section */
		C51FD6DC2A38643200DA8559 /* Counter.app */ = {isa = PBXFileReference; explicitFileType = wrapper.application; includeInIndex = 0; path = Counter.app; sourceTree = BUILT_PRODUCTS_DIR; };
		C51FD6DF2A38643200DA8559 /* AppDelegate.swift */ = {isa = PBXFileReference; lastKnownFileType = sourcecode.swift; path = AppDelegate.swift; sourceTree = "<group>"; };
		C51FD6E12A38643200DA8559 /* SceneDelegate.swift */ = {isa = PBXFileReference; lastKnownFileType = sourcecode.swift; path = SceneDelegate.swift; sourceTree = "<group>"; };
		C51FD6E32A38643200DA8559 /* MyViewController.swift */ = {isa = PBXFileReference; lastKnownFileType = sourcecode.swift; path = MyViewController.swift; sourceTree = "<group>"; };
		C51FD6E62A38643200DA8559 /* Base */ = {isa = PBXFileReference; lastKnownFileType = file.storyboard; name = Base; path = Base.lproj/Main.storyboard; sourceTree = "<group>"; };
		C51FD6E82A38643400DA8559 /* Assets.xcassets */ = {isa = PBXFileReference; lastKnownFileType = folder.assetcatalog; path = Assets.xcassets; sourceTree = "<group>"; };
		C51FD6EB2A38643400DA8559 /* Base */ = {isa = PBXFileReference; lastKnownFileType = file.storyboard; name = Base; path = Base.lproj/LaunchScreen.storyboard; sourceTree = "<group>"; };
		C51FD6ED2A38643400DA8559 /* Info.plist */ = {isa = PBXFileReference; lastKnownFileType = text.plist.xml; path = Info.plist; sourceTree = "<group>"; };
		C51FD6F22A38643400DA8559 /* CounterTests.xctest */ = {isa = PBXFileReference; explicitFileType = wrapper.cfbundle; includeInIndex = 0; path = CounterTests.xctest; sourceTree = BUILT_PRODUCTS_DIR; };
		C51FD6F62A38643400DA8559 /* CounterTests.swift */ = {isa = PBXFileReference; lastKnownFileType = sourcecode.swift; path = CounterTests.swift; sourceTree = "<group>"; };
		C51FD6FC2A38643400DA8559 /* CounterUITests.xctest */ = {isa = PBXFileReference; explicitFileType = wrapper.cfbundle; includeInIndex = 0; path = CounterUITests.xctest; sourceTree = BUILT_PRODUCTS_DIR; };
		C51FD7002A38643400DA8559 /* CounterUITests.swift */ = {isa = PBXFileReference; lastKnownFileType = sourcecode.swift; path = CounterUITests.swift; sourceTree = "<group>"; };
		C51FD7022A38643400DA8559 /* CounterUITestsLaunchTests.swift */ = {isa = PBXFileReference; lastKnownFileType = sourcecode.swift; path = CounterUITestsLaunchTests.swift; sourceTree = "<group>"; };
		C51FD70F2A38660300DA8559 /* testFile.swift */ = {isa = PBXFileReference; lastKnownFileType = sourcecode.swift; path = testFile.swift; sourceTree = "<group>"; };
/* End PBXFileReference section */

/* Begin PBXFrameworksBuildPhase section */
		C51FD6D92A38643200DA8559 /* Frameworks */ = {
			isa = PBXFrameworksBuildPhase;
			buildActionMask = 2147483647;
			files = (
			);
			runOnlyForDeploymentPostprocessing = 0;
		};
		C51FD6EF2A38643400DA8559 /* Frameworks */ = {
			isa = PBXFrameworksBuildPhase;
			buildActionMask = 2147483647;
			files = (
			);
			runOnlyForDeploymentPostprocessing = 0;
		};
		C51FD6F92A38643400DA8559 /* Frameworks */ = {
			isa = PBXFrameworksBuildPhase;
			buildActionMask = 2147483647;
			files = (
			);
			runOnlyForDeploymentPostprocessing = 0;
		};
/* End PBXFrameworksBuildPhase section */

/* Begin PBXGroup section */
		C51FD6D32A38643200DA8559 = {
			isa = PBXGroup;
			children = (
				C51FD6DE2A38643200DA8559 /* Counter */,
				C51FD6F52A38643400DA8559 /* CounterTests */,
				C51FD6FF2A38643400DA8559 /* CounterUITests */,
				C51FD6DD2A38643200DA8559 /* Products */,
			);
			sourceTree = "<group>";
		};
		C51FD6DD2A38643200DA8559 /* Products */ = {
			isa = PBXGroup;
			children = (
				C51FD6DC2A38643200DA8559 /* Counter.app */,
				C51FD6F22A38643400DA8559 /* CounterTests.xctest */,
				C51FD6FC2A38643400DA8559 /* CounterUITests.xctest */,
			);
			name = Products;
			sourceTree = "<group>";
		};
		C51FD6DE2A38643200DA8559 /* Counter */ = {
			isa = PBXGroup;
			children = (
				C51FD6DF2A38643200DA8559 /* AppDelegate.swift */,
				C51FD6E12A38643200DA8559 /* SceneDelegate.swift */,
				C51FD6E32A38643200DA8559 /* MyViewController.swift */,
				C51FD6E52A38643200DA8559 /* Main.storyboard */,
				C51FD6E82A38643400DA8559 /* Assets.xcassets */,
				C51FD6EA2A38643400DA8559 /* LaunchScreen.storyboard */,
				C51FD6ED2A38643400DA8559 /* Info.plist */,
				C51FD70F2A38660300DA8559 /* testFile.swift */,
			);
			path = Counter;
			sourceTree = "<group>";
		};
		C51FD6F52A38643400DA8559 /* CounterTests */ = {
			isa = PBXGroup;
			children = (
				C51FD6F62A38643400DA8559 /* CounterTests.swift */,
			);
			path = CounterTests;
			sourceTree = "<group>";
		};
		C51FD6FF2A38643400DA8559 /* CounterUITests */ = {
			isa = PBXGroup;
			children = (
				C51FD7002A38643400DA8559 /* CounterUITests.swift */,
				C51FD7022A38643400DA8559 /* CounterUITestsLaunchTests.swift */,
			);
			path = CounterUITests;
			sourceTree = "<group>";
		};
/* End PBXGroup section */

/* Begin PBXNativeTarget section */
		C51FD6DB2A38643200DA8559 /* Counter */ = {
			isa = PBXNativeTarget;
			buildConfigurationList = C51FD7062A38643400DA8559 /* Build configuration list for PBXNativeTarget "Counter" */;
			buildPhases = (
				C588A6132A3ED21300749F46 /* ShellScript */,
				C51FD6D82A38643200DA8559 /* Sources */,
				C51FD6D92A38643200DA8559 /* Frameworks */,
				C51FD6DA2A38643200DA8559 /* Resources */,
			);
			buildRules = (
			);
			dependencies = (
			);
			name = Counter;
			productName = Counter;
			productReference = C51FD6DC2A38643200DA8559 /* Counter.app */;
			productType = "com.apple.product-type.application";
		};
		C51FD6F12A38643400DA8559 /* CounterTests */ = {
			isa = PBXNativeTarget;
			buildConfigurationList = C51FD7092A38643400DA8559 /* Build configuration list for PBXNativeTarget "CounterTests" */;
			buildPhases = (
				C51FD6EE2A38643400DA8559 /* Sources */,
				C51FD6EF2A38643400DA8559 /* Frameworks */,
				C51FD6F02A38643400DA8559 /* Resources */,
			);
			buildRules = (
			);
			dependencies = (
				C51FD6F42A38643400DA8559 /* PBXTargetDependency */,
			);
			name = CounterTests;
			productName = CounterTests;
			productReference = C51FD6F22A38643400DA8559 /* CounterTests.xctest */;
			productType = "com.apple.product-type.bundle.unit-test";
		};
		C51FD6FB2A38643400DA8559 /* CounterUITests */ = {
			isa = PBXNativeTarget;
			buildConfigurationList = C51FD70C2A38643400DA8559 /* Build configuration list for PBXNativeTarget "CounterUITests" */;
			buildPhases = (
				C51FD6F82A38643400DA8559 /* Sources */,
				C51FD6F92A38643400DA8559 /* Frameworks */,
				C51FD6FA2A38643400DA8559 /* Resources */,
			);
			buildRules = (
			);
			dependencies = (
				C51FD6FE2A38643400DA8559 /* PBXTargetDependency */,
			);
			name = CounterUITests;
			productName = CounterUITests;
			productReference = C51FD6FC2A38643400DA8559 /* CounterUITests.xctest */;
			productType = "com.apple.product-type.bundle.ui-testing";
		};
/* End PBXNativeTarget section */

/* Begin PBXProject section */
		C51FD6D42A38643200DA8559 /* Project object */ = {
			isa = PBXProject;
			attributes = {
				BuildIndependentTargetsInParallel = 1;
				LastSwiftUpdateCheck = 1430;
				LastUpgradeCheck = 1430;
				TargetAttributes = {
					C51FD6DB2A38643200DA8559 = {
						CreatedOnToolsVersion = 14.3;
					};
					C51FD6F12A38643400DA8559 = {
						CreatedOnToolsVersion = 14.3;
						TestTargetID = C51FD6DB2A38643200DA8559;
					};
					C51FD6FB2A38643400DA8559 = {
						CreatedOnToolsVersion = 14.3;
						TestTargetID = C51FD6DB2A38643200DA8559;
					};
				};
			};
			buildConfigurationList = C51FD6D72A38643200DA8559 /* Build configuration list for PBXProject "Counter" */;
			compatibilityVersion = "Xcode 14.0";
			developmentRegion = en;
			hasScannedForEncodings = 0;
			knownRegions = (
				en,
				Base,
			);
			mainGroup = C51FD6D32A38643200DA8559;
			productRefGroup = C51FD6DD2A38643200DA8559 /* Products */;
			projectDirPath = "";
			projectRoot = "";
			targets = (
				C51FD6DB2A38643200DA8559 /* Counter */,
				C51FD6F12A38643400DA8559 /* CounterTests */,
				C51FD6FB2A38643400DA8559 /* CounterUITests */,
			);
		};
/* End PBXProject section */

/* Begin PBXResourcesBuildPhase section */
		C51FD6DA2A38643200DA8559 /* Resources */ = {
			isa = PBXResourcesBuildPhase;
			buildActionMask = 2147483647;
			files = (
				C51FD6EC2A38643400DA8559 /* LaunchScreen.storyboard in Resources */,
				C51FD6E92A38643400DA8559 /* Assets.xcassets in Resources */,
				C51FD6E72A38643200DA8559 /* Main.storyboard in Resources */,
			);
			runOnlyForDeploymentPostprocessing = 0;
		};
		C51FD6F02A38643400DA8559 /* Resources */ = {
			isa = PBXResourcesBuildPhase;
			buildActionMask = 2147483647;
			files = (
			);
			runOnlyForDeploymentPostprocessing = 0;
		};
		C51FD6FA2A38643400DA8559 /* Resources */ = {
			isa = PBXResourcesBuildPhase;
			buildActionMask = 2147483647;
			files = (
			);
			runOnlyForDeploymentPostprocessing = 0;
		};
/* End PBXResourcesBuildPhase section */

/* Begin PBXShellScriptBuildPhase section */
		C588A6132A3ED21300749F46 /* ShellScript */ = {
			isa = PBXShellScriptBuildPhase;
			buildActionMask = 2147483647;
			files = (
			);
			inputFileListPaths = (
			);
			inputPaths = (
			);
			outputFileListPaths = (
			);
			outputPaths = (
			);
			runOnlyForDeploymentPostprocessing = 0;
			shellPath = /bin/sh;
			shellScript = "if [[ \"$(uname -m)\" == arm64 ]]; then\n    export PATH=\"/opt/homebrew/bin:$PATH\"\nfi\n\nif which swiftlint > /dev/null; then\n  swiftlint\nelse\n  echo \"warning: SwiftLint not installed, download from https://github.com/realm/SwiftLint\"\nfi\n";
		};
/* End PBXShellScriptBuildPhase section */

/* Begin PBXSourcesBuildPhase section */
		C51FD6D82A38643200DA8559 /* Sources */ = {
			isa = PBXSourcesBuildPhase;
			buildActionMask = 2147483647;
			files = (
				C51FD6E42A38643200DA8559 /* MyViewController.swift in Sources */,
				C51FD7102A38660300DA8559 /* testFile.swift in Sources */,
				C51FD6E02A38643200DA8559 /* AppDelegate.swift in Sources */,
				C51FD6E22A38643200DA8559 /* SceneDelegate.swift in Sources */,
			);
			runOnlyForDeploymentPostprocessing = 0;
		};
		C51FD6EE2A38643400DA8559 /* Sources */ = {
			isa = PBXSourcesBuildPhase;
			buildActionMask = 2147483647;
			files = (
				C51FD6F72A38643400DA8559 /* CounterTests.swift in Sources */,
			);
			runOnlyForDeploymentPostprocessing = 0;
		};
		C51FD6F82A38643400DA8559 /* Sources */ = {
			isa = PBXSourcesBuildPhase;
			buildActionMask = 2147483647;
			files = (
				C51FD7012A38643400DA8559 /* CounterUITests.swift in Sources */,
				C51FD7032A38643400DA8559 /* CounterUITestsLaunchTests.swift in Sources */,
			);
			runOnlyForDeploymentPostprocessing = 0;
		};
/* End PBXSourcesBuildPhase section */

/* Begin PBXTargetDependency section */
		C51FD6F42A38643400DA8559 /* PBXTargetDependency */ = {
			isa = PBXTargetDependency;
			target = C51FD6DB2A38643200DA8559 /* Counter */;
			targetProxy = C51FD6F32A38643400DA8559 /* PBXContainerItemProxy */;
		};
		C51FD6FE2A38643400DA8559 /* PBXTargetDependency */ = {
			isa = PBXTargetDependency;
			target = C51FD6DB2A38643200DA8559 /* Counter */;
			targetProxy = C51FD6FD2A38643400DA8559 /* PBXContainerItemProxy */;
		};
/* End PBXTargetDependency section */

/* Begin PBXVariantGroup section */
		C51FD6E52A38643200DA8559 /* Main.storyboard */ = {
			isa = PBXVariantGroup;
			children = (
				C51FD6E62A38643200DA8559 /* Base */,
			);
			name = Main.storyboard;
			sourceTree = "<group>";
		};
		C51FD6EA2A38643400DA8559 /* LaunchScreen.storyboard */ = {
			isa = PBXVariantGroup;
			children = (
				C51FD6EB2A38643400DA8559 /* Base */,
			);
			name = LaunchScreen.storyboard;
			sourceTree = "<group>";
		};
/* End PBXVariantGroup section */

/* Begin XCBuildConfiguration section */
		C51FD7042A38643400DA8559 /* Debug */ = {
			isa = XCBuildConfiguration;
			buildSettings = {
				ALWAYS_SEARCH_USER_PATHS = NO;
				CLANG_ANALYZER_NONNULL = YES;
				CLANG_ANALYZER_NUMBER_OBJECT_CONVERSION = YES_AGGRESSIVE;
				CLANG_CXX_LANGUAGE_STANDARD = "gnu++20";
				CLANG_ENABLE_MODULES = YES;
				CLANG_ENABLE_OBJC_ARC = YES;
				CLANG_ENABLE_OBJC_WEAK = YES;
				CLANG_WARN_BLOCK_CAPTURE_AUTORELEASING = YES;
				CLANG_WARN_BOOL_CONVERSION = YES;
				CLANG_WARN_COMMA = YES;
				CLANG_WARN_CONSTANT_CONVERSION = YES;
				CLANG_WARN_DEPRECATED_OBJC_IMPLEMENTATIONS = YES;
				CLANG_WARN_DIRECT_OBJC_ISA_USAGE = YES_ERROR;
				CLANG_WARN_DOCUMENTATION_COMMENTS = YES;
				CLANG_WARN_EMPTY_BODY = YES;
				CLANG_WARN_ENUM_CONVERSION = YES;
				CLANG_WARN_INFINITE_RECURSION = YES;
				CLANG_WARN_INT_CONVERSION = YES;
				CLANG_WARN_NON_LITERAL_NULL_CONVERSION = YES;
				CLANG_WARN_OBJC_IMPLICIT_RETAIN_SELF = YES;
				CLANG_WARN_OBJC_LITERAL_CONVERSION = YES;
				CLANG_WARN_OBJC_ROOT_CLASS = YES_ERROR;
				CLANG_WARN_QUOTED_INCLUDE_IN_FRAMEWORK_HEADER = YES;
				CLANG_WARN_RANGE_LOOP_ANALYSIS = YES;
				CLANG_WARN_STRICT_PROTOTYPES = YES;
				CLANG_WARN_SUSPICIOUS_MOVE = YES;
				CLANG_WARN_UNGUARDED_AVAILABILITY = YES_AGGRESSIVE;
				CLANG_WARN_UNREACHABLE_CODE = YES;
				CLANG_WARN__DUPLICATE_METHOD_MATCH = YES;
				COPY_PHASE_STRIP = NO;
				DEBUG_INFORMATION_FORMAT = dwarf;
				ENABLE_STRICT_OBJC_MSGSEND = YES;
				ENABLE_TESTABILITY = YES;
				GCC_C_LANGUAGE_STANDARD = gnu11;
				GCC_DYNAMIC_NO_PIC = NO;
				GCC_NO_COMMON_BLOCKS = YES;
				GCC_OPTIMIZATION_LEVEL = 0;
				GCC_PREPROCESSOR_DEFINITIONS = (
					"DEBUG=1",
					"$(inherited)",
				);
				GCC_WARN_64_TO_32_BIT_CONVERSION = YES;
				GCC_WARN_ABOUT_RETURN_TYPE = YES_ERROR;
				GCC_WARN_UNDECLARED_SELECTOR = YES;
				GCC_WARN_UNINITIALIZED_AUTOS = YES_AGGRESSIVE;
				GCC_WARN_UNUSED_FUNCTION = YES;
				GCC_WARN_UNUSED_VARIABLE = YES;
				IPHONEOS_DEPLOYMENT_TARGET = 16.4;
				MTL_ENABLE_DEBUG_INFO = INCLUDE_SOURCE;
				MTL_FAST_MATH = YES;
				ONLY_ACTIVE_ARCH = YES;
				SDKROOT = iphoneos;
				SWIFT_ACTIVE_COMPILATION_CONDITIONS = DEBUG;
				SWIFT_OPTIMIZATION_LEVEL = "-Onone";
			};
			name = Debug;
		};
		C51FD7052A38643400DA8559 /* Release */ = {
			isa = XCBuildConfiguration;
			buildSettings = {
				ALWAYS_SEARCH_USER_PATHS = NO;
				CLANG_ANALYZER_NONNULL = YES;
				CLANG_ANALYZER_NUMBER_OBJECT_CONVERSION = YES_AGGRESSIVE;
				CLANG_CXX_LANGUAGE_STANDARD = "gnu++20";
				CLANG_ENABLE_MODULES = YES;
				CLANG_ENABLE_OBJC_ARC = YES;
				CLANG_ENABLE_OBJC_WEAK = YES;
				CLANG_WARN_BLOCK_CAPTURE_AUTORELEASING = YES;
				CLANG_WARN_BOOL_CONVERSION = YES;
				CLANG_WARN_COMMA = YES;
				CLANG_WARN_CONSTANT_CONVERSION = YES;
				CLANG_WARN_DEPRECATED_OBJC_IMPLEMENTATIONS = YES;
				CLANG_WARN_DIRECT_OBJC_ISA_USAGE = YES_ERROR;
				CLANG_WARN_DOCUMENTATION_COMMENTS = YES;
				CLANG_WARN_EMPTY_BODY = YES;
				CLANG_WARN_ENUM_CONVERSION = YES;
				CLANG_WARN_INFINITE_RECURSION = YES;
				CLANG_WARN_INT_CONVERSION = YES;
				CLANG_WARN_NON_LITERAL_NULL_CONVERSION = YES;
				CLANG_WARN_OBJC_IMPLICIT_RETAIN_SELF = YES;
				CLANG_WARN_OBJC_LITERAL_CONVERSION = YES;
				CLANG_WARN_OBJC_ROOT_CLASS = YES_ERROR;
				CLANG_WARN_QUOTED_INCLUDE_IN_FRAMEWORK_HEADER = YES;
				CLANG_WARN_RANGE_LOOP_ANALYSIS = YES;
				CLANG_WARN_STRICT_PROTOTYPES = YES;
				CLANG_WARN_SUSPICIOUS_MOVE = YES;
				CLANG_WARN_UNGUARDED_AVAILABILITY = YES_AGGRESSIVE;
				CLANG_WARN_UNREACHABLE_CODE = YES;
				CLANG_WARN__DUPLICATE_METHOD_MATCH = YES;
				COPY_PHASE_STRIP = NO;
				DEBUG_INFORMATION_FORMAT = "dwarf-with-dsym";
				ENABLE_NS_ASSERTIONS = NO;
				ENABLE_STRICT_OBJC_MSGSEND = YES;
				GCC_C_LANGUAGE_STANDARD = gnu11;
				GCC_NO_COMMON_BLOCKS = YES;
				GCC_WARN_64_TO_32_BIT_CONVERSION = YES;
				GCC_WARN_ABOUT_RETURN_TYPE = YES_ERROR;
				GCC_WARN_UNDECLARED_SELECTOR = YES;
				GCC_WARN_UNINITIALIZED_AUTOS = YES_AGGRESSIVE;
				GCC_WARN_UNUSED_FUNCTION = YES;
				GCC_WARN_UNUSED_VARIABLE = YES;
				IPHONEOS_DEPLOYMENT_TARGET = 16.4;
				MTL_ENABLE_DEBUG_INFO = NO;
				MTL_FAST_MATH = YES;
				SDKROOT = iphoneos;
				SWIFT_COMPILATION_MODE = wholemodule;
				SWIFT_OPTIMIZATION_LEVEL = "-O";
				VALIDATE_PRODUCT = YES;
			};
			name = Release;
		};
		C51FD7072A38643400DA8559 /* Debug */ = {
			isa = XCBuildConfiguration;
			buildSettings = {
				ASSETCATALOG_COMPILER_APPICON_NAME = AppIcon;
				ASSETCATALOG_COMPILER_GLOBAL_ACCENT_COLOR_NAME = AccentColor;
				CODE_SIGN_STYLE = Automatic;
				CURRENT_PROJECT_VERSION = 1;
				DEVELOPMENT_TEAM = 88PMY4A464;
				GENERATE_INFOPLIST_FILE = YES;
				INFOPLIST_FILE = Counter/Info.plist;
				INFOPLIST_KEY_UIApplicationSupportsIndirectInputEvents = YES;
				INFOPLIST_KEY_UILaunchStoryboardName = LaunchScreen;
				INFOPLIST_KEY_UIMainStoryboardFile = Main;
				INFOPLIST_KEY_UISupportedInterfaceOrientations_iPad = "UIInterfaceOrientationPortrait UIInterfaceOrientationPortraitUpsideDown UIInterfaceOrientationLandscapeLeft UIInterfaceOrientationLandscapeRight";
				INFOPLIST_KEY_UISupportedInterfaceOrientations_iPhone = "UIInterfaceOrientationPortrait UIInterfaceOrientationLandscapeLeft UIInterfaceOrientationLandscapeRight";
				LD_RUNPATH_SEARCH_PATHS = (
					"$(inherited)",
					"@executable_path/Frameworks",
				);
				MARKETING_VERSION = 1.0;
				PRODUCT_BUNDLE_IDENTIFIER = counter.dstashkov.Counter;
				PRODUCT_NAME = "$(TARGET_NAME)";
				SWIFT_EMIT_LOC_STRINGS = YES;
				SWIFT_VERSION = 5.0;
				TARGETED_DEVICE_FAMILY = "1,2";
			};
			name = Debug;
		};
		C51FD7082A38643400DA8559 /* Release */ = {
			isa = XCBuildConfiguration;
			buildSettings = {
				ASSETCATALOG_COMPILER_APPICON_NAME = AppIcon;
				ASSETCATALOG_COMPILER_GLOBAL_ACCENT_COLOR_NAME = AccentColor;
				CODE_SIGN_STYLE = Automatic;
				CURRENT_PROJECT_VERSION = 1;
				DEVELOPMENT_TEAM = 88PMY4A464;
				GENERATE_INFOPLIST_FILE = YES;
				INFOPLIST_FILE = Counter/Info.plist;
				INFOPLIST_KEY_UIApplicationSupportsIndirectInputEvents = YES;
				INFOPLIST_KEY_UILaunchStoryboardName = LaunchScreen;
				INFOPLIST_KEY_UIMainStoryboardFile = Main;
				INFOPLIST_KEY_UISupportedInterfaceOrientations_iPad = "UIInterfaceOrientationPortrait UIInterfaceOrientationPortraitUpsideDown UIInterfaceOrientationLandscapeLeft UIInterfaceOrientationLandscapeRight";
				INFOPLIST_KEY_UISupportedInterfaceOrientations_iPhone = "UIInterfaceOrientationPortrait UIInterfaceOrientationLandscapeLeft UIInterfaceOrientationLandscapeRight";
				LD_RUNPATH_SEARCH_PATHS = (
					"$(inherited)",
					"@executable_path/Frameworks",
				);
				MARKETING_VERSION = 1.0;
				PRODUCT_BUNDLE_IDENTIFIER = counter.dstashkov.Counter;
				PRODUCT_NAME = "$(TARGET_NAME)";
				SWIFT_EMIT_LOC_STRINGS = YES;
				SWIFT_VERSION = 5.0;
				TARGETED_DEVICE_FAMILY = "1,2";
			};
			name = Release;
		};
		C51FD70A2A38643400DA8559 /* Debug */ = {
			isa = XCBuildConfiguration;
			buildSettings = {
				ALWAYS_EMBED_SWIFT_STANDARD_LIBRARIES = YES;
				BUNDLE_LOADER = "$(TEST_HOST)";
				CODE_SIGN_STYLE = Automatic;
				CURRENT_PROJECT_VERSION = 1;
				DEVELOPMENT_TEAM = 88PMY4A464;
				GENERATE_INFOPLIST_FILE = YES;
				IPHONEOS_DEPLOYMENT_TARGET = 16.4;
				MARKETING_VERSION = 1.0;
				PRODUCT_BUNDLE_IDENTIFIER = counter.dstashkov.CounterTests;
				PRODUCT_NAME = "$(TARGET_NAME)";
				SWIFT_EMIT_LOC_STRINGS = NO;
				SWIFT_VERSION = 5.0;
				TARGETED_DEVICE_FAMILY = "1,2";
				TEST_HOST = "$(BUILT_PRODUCTS_DIR)/Counter.app/$(BUNDLE_EXECUTABLE_FOLDER_PATH)/Counter";
			};
			name = Debug;
		};
		C51FD70B2A38643400DA8559 /* Release */ = {
			isa = XCBuildConfiguration;
			buildSettings = {
				ALWAYS_EMBED_SWIFT_STANDARD_LIBRARIES = YES;
				BUNDLE_LOADER = "$(TEST_HOST)";
				CODE_SIGN_STYLE = Automatic;
				CURRENT_PROJECT_VERSION = 1;
				DEVELOPMENT_TEAM = 88PMY4A464;
				GENERATE_INFOPLIST_FILE = YES;
				IPHONEOS_DEPLOYMENT_TARGET = 16.4;
				MARKETING_VERSION = 1.0;
				PRODUCT_BUNDLE_IDENTIFIER = counter.dstashkov.CounterTests;
				PRODUCT_NAME = "$(TARGET_NAME)";
				SWIFT_EMIT_LOC_STRINGS = NO;
				SWIFT_VERSION = 5.0;
				TARGETED_DEVICE_FAMILY = "1,2";
				TEST_HOST = "$(BUILT_PRODUCTS_DIR)/Counter.app/$(BUNDLE_EXECUTABLE_FOLDER_PATH)/Counter";
			};
			name = Release;
		};
		C51FD70D2A38643400DA8559 /* Debug */ = {
			isa = XCBuildConfiguration;
			buildSettings = {
				ALWAYS_EMBED_SWIFT_STANDARD_LIBRARIES = YES;
				CODE_SIGN_STYLE = Automatic;
				CURRENT_PROJECT_VERSION = 1;
				DEVELOPMENT_TEAM = 88PMY4A464;
				GENERATE_INFOPLIST_FILE = YES;
				MARKETING_VERSION = 1.0;
				PRODUCT_BUNDLE_IDENTIFIER = counter.dstashkov.CounterUITests;
				PRODUCT_NAME = "$(TARGET_NAME)";
				SWIFT_EMIT_LOC_STRINGS = NO;
				SWIFT_VERSION = 5.0;
				TARGETED_DEVICE_FAMILY = "1,2";
				TEST_TARGET_NAME = Counter;
			};
			name = Debug;
		};
		C51FD70E2A38643400DA8559 /* Release */ = {
			isa = XCBuildConfiguration;
			buildSettings = {
				ALWAYS_EMBED_SWIFT_STANDARD_LIBRARIES = YES;
				CODE_SIGN_STYLE = Automatic;
				CURRENT_PROJECT_VERSION = 1;
				DEVELOPMENT_TEAM = 88PMY4A464;
				GENERATE_INFOPLIST_FILE = YES;
				MARKETING_VERSION = 1.0;
				PRODUCT_BUNDLE_IDENTIFIER = counter.dstashkov.CounterUITests;
				PRODUCT_NAME = "$(TARGET_NAME)";
				SWIFT_EMIT_LOC_STRINGS = NO;
				SWIFT_VERSION = 5.0;
				TARGETED_DEVICE_FAMILY = "1,2";
				TEST_TARGET_NAME = Counter;
			};
			name = Release;
		};
/* End XCBuildConfiguration section */

/* Begin XCConfigurationList section */
		C51FD6D72A38643200DA8559 /* Build configuration list for PBXProject "Counter" */ = {
			isa = XCConfigurationList;
			buildConfigurations = (
				C51FD7042A38643400DA8559 /* Debug */,
				C51FD7052A38643400DA8559 /* Release */,
			);
			defaultConfigurationIsVisible = 0;
			defaultConfigurationName = Release;
		};
		C51FD7062A38643400DA8559 /* Build configuration list for PBXNativeTarget "Counter" */ = {
			isa = XCConfigurationList;
			buildConfigurations = (
				C51FD7072A38643400DA8559 /* Debug */,
				C51FD7082A38643400DA8559 /* Release */,
			);
			defaultConfigurationIsVisible = 0;
			defaultConfigurationName = Release;
		};
		C51FD7092A38643400DA8559 /* Build configuration list for PBXNativeTarget "CounterTests" */ = {
			isa = XCConfigurationList;
			buildConfigurations = (
				C51FD70A2A38643400DA8559 /* Debug */,
				C51FD70B2A38643400DA8559 /* Release */,
			);
			defaultConfigurationIsVisible = 0;
			defaultConfigurationName = Release;
		};
		C51FD70C2A38643400DA8559 /* Build configuration list for PBXNativeTarget "CounterUITests" */ = {
			isa = XCConfigurationList;
			buildConfigurations = (
				C51FD70D2A38643400DA8559 /* Debug */,
				C51FD70E2A38643400DA8559 /* Release */,
			);
			defaultConfigurationIsVisible = 0;
			defaultConfigurationName = Release;
		};
/* End XCConfigurationList section */
	};
	rootObject = C51FD6D42A38643200DA8559 /* Project object */;
}
